
Microsoft Visual Studio Solution File, Format Version 12.00
# Visual Studio 15
VisualStudioVersion = 15.0.28307.106
MinimumVisualStudioVersion = 10.0.40219.1
Project("{FAE04EC0-301F-11D3-BF4B-00C04F79EFBC}") = "RobotClient", "RobotClient\RobotClient.csproj", "{DFFF7A2C-3B56-4F97-843F-77D4203AD83D}"
EndProject
Global
	GlobalSection(SolutionConfigurationPlatforms) = preSolution
		Debug|Any CPU = Debug|Any CPU
		Release|Any CPU = Release|Any CPU
	EndGlobalSection
	GlobalSection(ProjectConfigurationPlatforms) = postSolution
		{DFFF7A2C-3B56-4F97-843F-77D4203AD83D}.Debug|Any CPU.ActiveCfg = Debug|Any CPU
		{DFFF7A2C-3B56-4F97-843F-77D4203AD83D}.Debug|Any CPU.Build.0 = Debug|Any CPU
		{DFFF7A2C-3B56-4F97-843F-77D4203AD83D}.Release|Any CPU.ActiveCfg = Release|Any CPU
		{DFFF7A2C-3B56-4F97-843F-77D4203AD83D}.Release|Any CPU.Build.0 = Release|Any CPU
	EndGlobalSection
	GlobalSection(SolutionProperties) = preSolution
		HideSolutionNode = FALSE
	EndGlobalSection
	GlobalSection(ExtensibilityGlobals) = postSolution
		SolutionGuid = {AE630BBE-A781-4F2A-9705-7E2EA11AC98E}
	EndGlobalSection
EndGlobal
